version: 1
checksums:
  55dc377b5e931bfc64e4add83e35d9ea:
    nav/signIn: cb8757c7450e17de1e226e82fb0fa4a2
    nav/getStarted: 5c783951b0100a168bdd2161ff294833
    nav/dashboard: c9380ea68c8c76ea451bd9613329a07c
    nav/search: 49dd6c21604b5e8d4153ff1aff2177e1
    nav/settings: 8df6777277469c1fd88cc18dde2f1cc3
    nav/saveSomething: 5508963fc53bac4b81dccd3ef617fbcf
    nav/saveNew: c5492a0977cbfa2cbbf29fd15680839c
    landing/badge: 37dfd99e7b577b50353e92d94ecb6730
    landing/headline1: a645726ea266595e606c4b86c3e5bf7f
    landing/headline2: 17bfd1bbcaf8f5ffcccec08a36627836
    landing/subheadline: 61bd02af34eba32555bd70682aa8c7ed
    landing/ctaPrimary: 0f5a2a6fe5a1d1fe79467957a2b6f85a
    landing/ctaSecondary: 5a2d82ab1e05251a3c7310b04fa690ab
    landing/feature1Title: eea46c8be7b81c9eec552207f9777da2
    landing/feature1Desc: bdaf072480b34ea30eae8804fa5d34df
    landing/feature2Title: 710bfac295582e076f35d3e7a6c364b4
    landing/feature2Desc: d177539731f1abd6f0370bb72e9820e8
    landing/feature3Title: 4876ab45b0efc4f6536196006665458d
    landing/feature3Desc: 2f06ec7d45a132f240de931028963180
    auth/welcomeBack: 4928884739ba559e6e4b960e80fe1452
    auth/signInSubtitle: 15e53da5cad39e4e2b2d0216e4fcc2a4
    auth/emailLabel: e7f34943a0c2fb849db1839ff6ef5cb5
    auth/emailPlaceholder: 3cbb854500cac63513492e7abbc5cff3
    auth/passwordLabel: 223a61cf906ab9c40d22612c588dff48
    auth/passwordPlaceholder: 0efccbc4805a08a0216fa76e949beed1
    auth/signIn: cb8757c7450e17de1e226e82fb0fa4a2
    auth/continueWithGoogle: 296841ac969a7f5d0fffc144f2488bbb
    auth/noAccount: 613efdc05ae6d04b7136d199645c56ac
    auth/signUp: a6a0b995463f62ce6a12e37f1d05a9bd
    auth/createAccount: 99ef5a3eeab6aa98f0b5577b013b5e76
    auth/signUpSubtitle: 5d5834df3c50afa2069063353d76c33e
    auth/passwordMin: a8ece077fb5a4d4d2cfebc1454361fae
    auth/continue: 3cfba90b4600131e82fc4260c568d044
    auth/alreadyHaveAccount: 699043a787e26ec2ecad53f52df28d5b
    auth/chooseLanguage: 3252f1e704b80636acbaa469a703d263
    auth/chooseLanguageSubtitle: 282af6c743b4bcce64aa8c6182fd7a5f
    auth/startUsing: d19dc97fd7ff14e32849bcc1da4d4cfd
    auth/back: f541015a827e37cb3b1234e56bc2aa3c
    dashboard/title: 16029c196e1f934c5fc25f88dededc1f
    dashboard/emptyTitle: 91865c15fc6e5a4b807635114abe097b
    dashboard/emptySubtitle: 4bc434ae106e2f94ba047ff96987a3d6
    dashboard/saveFirstItem: cac989b983e4b83355e53a26466dbb2d
    dashboard/itemsCount: 0381b45b1004f08c3a5795637ce863fe
    dashboard/processing: 7a105c945137303f7eb5453bd8f676a7
    dashboard/viewOriginal: 6bf44f3127eaea754aedcc4980b0016e
    saveModal/title: 4966a67798d1132b8f22ee226a817a04
    saveModal/urlTab: ca97457614226960d41dd18c3c29c86b
    saveModal/noteTab: e0337f202c911423275f834edeffc54b
    saveModal/urlLabel: f50f5135f0d2036d75611f4308014343
    saveModal/saveArticle: e606b125bc9a7bc1653ab5bb9159b54a
    saveModal/noteTitleLabel: 344e64395eaff6822a57d18623853e1a
    saveModal/noteTitlePlaceholder: 250a001162f0e32521d619ed0d5ef673
    saveModal/noteContentLabel: 669b337031ef165af577f04f2b7fd54f
    saveModal/noteContentPlaceholder: b04cfc1dad30cdd3a049ba67dff48f1c
    saveModal/saveNote: ae249b0e134b2e1ead186a8ff2b574e6
    saveModal/saving: 7cb2d8f012d57db8a62187b65ef164dc
    search/title: a25b7adaa5b371bfbd5b1eb3aec0bdf8
    search/subtitle: fa589da0f81ab0aa04dc0bfc741d630c
    search/placeholder: ecc5ed313c3588f1001467acdb727f24
    search/searchButton: 49dd6c21604b5e8d4153ff1aff2177e1
    search/noResults: b9d9a36b34fcc18e395b39b59bfa276e
    search/match: 138a98fe0cde053f5c6def810450e6d7
    settings/title: 8df6777277469c1fd88cc18dde2f1cc3
    settings/subtitle: 31398b1bac8d2802e56f23ee6a2f17bc
    settings/languageTitle: 6773ea97304153bf02dd3999cdb1815a
    settings/languageSubtitle: 8c9ec787d07a0d4d48fee0fa31803f62
    settings/saveChanges: 53dd9f4f0a4accc822fa5c1f2f6d118a
    settings/saved: 0e28f87af37c7e82b7970bfd8304aa29
    contentTypes/article: 137d2d4099ad8391bf9991caf0b7cada
    contentTypes/note: e0337f202c911423275f834edeffc54b
    contentTypes/image: 048ba7a239de0fbd883ade8558415830
    contentTypes/pdf: 876897932ab5113ca1deaa5074d146ca
    contentTypes/audio: 2be95a0576c5f2dc8c4359afa6cac340
    common/close: 2c2e22f8424a1031de89063bd0022e16
    common/or: 7b133c38bec0d5ee23cc6bcf9a8de50b
    common/untitled: 84ba9ab3c295dbc18cbe788c4c2eccc8
    common/signOut: 6d842546a84e919c519bf8cbffdf25a0
    common/error: a3cd2f01c073f1f5ff436d4b132d39cf
    common/retry: 33dd8820e743e35a66e6977f69e9d3b5
